// !$*UTF8*$!
{
	archiveVersion = 1;
	classes = {
	};
	objectVersion = 50;
	objects = {

/* Begin PBXBuildFile section */
		D7DD4D9124FD35F300F1D398 /* AppDelegate.swift in Sources */ = {isa = PBXBuildFile; fileRef = D7DD4D9024FD35F300F1D398 /* AppDelegate.swift */; };
		D7DD4D9324FD35F300F1D398 /* SceneDelegate.swift in Sources */ = {isa = PBXBuildFile; fileRef = D7DD4D9224FD35F300F1D398 /* SceneDelegate.swift */; };
		D7DD4D9524FD35F300F1D398 /* ViewController.swift in Sources */ = {isa = PBXBuildFile; fileRef = D7DD4D9424FD35F300F1D398 /* ViewController.swift */; };
		D7DD4D9824FD35F300F1D398 /* Main.storyboard in Resources */ = {isa = PBXBuildFile; fileRef = D7DD4D9624FD35F300F1D398 /* Main.storyboard */; };
		D7DD4D9A24FD35F500F1D398 /* Assets.xcassets in Resources */ = {isa = PBXBuildFile; fileRef = D7DD4D9924FD35F500F1D398 /* Assets.xcassets */; };
		D7DD4D9D24FD35F500F1D398 /* LaunchScreen.storyboard in Resources */ = {isa = PBXBuildFile; fileRef = D7DD4D9B24FD35F500F1D398 /* LaunchScreen.storyboard */; };
		D7DD4DA624FD36A200F1D398 /* Freestyler.framework in Frameworks */ = {isa = PBXBuildFile; fileRef = D7DD4DA524FD36A200F1D398 /* Freestyler.framework */; };
		D7DD4DA724FD36A200F1D398 /* Freestyler.framework in Embed Frameworks */ = {isa = PBXBuildFile; fileRef = D7DD4DA524FD36A200F1D398 /* Freestyler.framework */; settings = {ATTRIBUTES = (CodeSignOnCopy, RemoveHeadersOnCopy, ); }; };
		D7DD4DBF24FE062700F1D398 /* ColorPalette.swift in Sources */ = {isa = PBXBuildFile; fileRef = D7DD4DBE24FE062700F1D398 /* ColorPalette.swift */; };
		D7DD4DC224FE081600F1D398 /* FontPalette.swift in Sources */ = {isa = PBXBuildFile; fileRef = D7DD4DC124FE081600F1D398 /* FontPalette.swift */; };
		D7DD4DC424FE08B500F1D398 /* ImagePalette.swift in Sources */ = {isa = PBXBuildFile; fileRef = D7DD4DC324FE08B500F1D398 /* ImagePalette.swift */; };
		D7DD4DC724FE0E3400F1D398 /* SunsetTheme.swift in Sources */ = {isa = PBXBuildFile; fileRef = D7DD4DC624FE0E3400F1D398 /* SunsetTheme.swift */; };
		D7DD4DCF24FE15E700F1D398 /* SunsetColors.swift in Sources */ = {isa = PBXBuildFile; fileRef = D7DD4DCE24FE15E700F1D398 /* SunsetColors.swift */; };
		D7DD4DD124FE169200F1D398 /* SunsetFonts.swift in Sources */ = {isa = PBXBuildFile; fileRef = D7DD4DD024FE169200F1D398 /* SunsetFonts.swift */; };
		D7DD4DD324FE16AD00F1D398 /* SunsetImages.swift in Sources */ = {isa = PBXBuildFile; fileRef = D7DD4DD224FE16AD00F1D398 /* SunsetImages.swift */; };
		D7DD4DD524FE176B00F1D398 /* ThemeIdentifier.swift in Sources */ = {isa = PBXBuildFile; fileRef = D7DD4DD424FE176B00F1D398 /* ThemeIdentifier.swift */; };
		D7DD4DD824FE23EB00F1D398 /* SunriseTheme.swift in Sources */ = {isa = PBXBuildFile; fileRef = D7DD4DD724FE23EB00F1D398 /* SunriseTheme.swift */; };
		D7DD4DDA24FE242E00F1D398 /* SunriseColors.swift in Sources */ = {isa = PBXBuildFile; fileRef = D7DD4DD924FE242E00F1D398 /* SunriseColors.swift */; };
		D7DD4DDC24FE243A00F1D398 /* SunriseFonts.swift in Sources */ = {isa = PBXBuildFile; fileRef = D7DD4DDB24FE243A00F1D398 /* SunriseFonts.swift */; };
		D7DD4DDE24FE244400F1D398 /* SunriseImages.swift in Sources */ = {isa = PBXBuildFile; fileRef = D7DD4DDD24FE244400F1D398 /* SunriseImages.swift */; };
		D7DD4DE124FE31F900F1D398 /* ViewStyleDescriptor.swift in Sources */ = {isa = PBXBuildFile; fileRef = D7DD4DE024FE31F900F1D398 /* ViewStyleDescriptor.swift */; };
		D7DD4DE324FE32C900F1D398 /* PrimaryViewStyle.swift in Sources */ = {isa = PBXBuildFile; fileRef = D7DD4DE224FE32C900F1D398 /* PrimaryViewStyle.swift */; };
		D7DD4DE524FE32D400F1D398 /* SecondaryViewStyle.swift in Sources */ = {isa = PBXBuildFile; fileRef = D7DD4DE424FE32D400F1D398 /* SecondaryViewStyle.swift */; };
		D7DD4DE724FE32E400F1D398 /* TertiaryViewStyle.swift in Sources */ = {isa = PBXBuildFile; fileRef = D7DD4DE624FE32E400F1D398 /* TertiaryViewStyle.swift */; };
		D7DD4DEB24FE342300F1D398 /* StyleDescriptor+Palettes.swift in Sources */ = {isa = PBXBuildFile; fileRef = D7DD4DEA24FE342300F1D398 /* StyleDescriptor+Palettes.swift */; };
		D7DD4DED24FE40C900F1D398 /* ButtonStyleDescriptor.swift in Sources */ = {isa = PBXBuildFile; fileRef = D7DD4DEC24FE40C900F1D398 /* ButtonStyleDescriptor.swift */; };
		D7DD4DEF24FE439200F1D398 /* Button+Stylable.swift in Sources */ = {isa = PBXBuildFile; fileRef = D7DD4DEE24FE439200F1D398 /* Button+Stylable.swift */; };
		D7DD4DF124FE43F500F1D398 /* ButtonStyle.swift in Sources */ = {isa = PBXBuildFile; fileRef = D7DD4DF024FE43F500F1D398 /* ButtonStyle.swift */; };
		D7DD4DF324FE46C600F1D398 /* TertiaryView.swift in Sources */ = {isa = PBXBuildFile; fileRef = D7DD4DF224FE46C600F1D398 /* TertiaryView.swift */; };
		D7DD4DF524FE49C900F1D398 /* TertiaryViewStyleDescriptor.swift in Sources */ = {isa = PBXBuildFile; fileRef = D7DD4DF424FE49C900F1D398 /* TertiaryViewStyleDescriptor.swift */; };
		D7DD4DF724FE4A1600F1D398 /* FavoriteImageViewStyle.swift in Sources */ = {isa = PBXBuildFile; fileRef = D7DD4DF624FE4A1600F1D398 /* FavoriteImageViewStyle.swift */; };
		D7DD4DF924FE4A2800F1D398 /* ImageViewStyleDescriptor.swift in Sources */ = {isa = PBXBuildFile; fileRef = D7DD4DF824FE4A2800F1D398 /* ImageViewStyleDescriptor.swift */; };
		D7DD4E0024FE541800F1D398 /* LabelStyleDescriptor.swift in Sources */ = {isa = PBXBuildFile; fileRef = D7DD4DFF24FE541800F1D398 /* LabelStyleDescriptor.swift */; };
		D7DD4E0224FE543B00F1D398 /* TitleLabelStyle.swift in Sources */ = {isa = PBXBuildFile; fileRef = D7DD4E0124FE543B00F1D398 /* TitleLabelStyle.swift */; };
		D7DD4E0424FE544800F1D398 /* BodyLabelStyle.swift in Sources */ = {isa = PBXBuildFile; fileRef = D7DD4E0324FE544800F1D398 /* BodyLabelStyle.swift */; };
/* End PBXBuildFile section */

/* Begin PBXCopyFilesBuildPhase section */
		D7DD4DA824FD36A300F1D398 /* Embed Frameworks */ = {
			isa = PBXCopyFilesBuildPhase;
			buildActionMask = 2147483647;
			dstPath = "";
			dstSubfolderSpec = 10;
			files = (
				D7DD4DA724FD36A200F1D398 /* Freestyler.framework in Embed Frameworks */,
			);
			name = "Embed Frameworks";
			runOnlyForDeploymentPostprocessing = 0;
		};
/* End PBXCopyFilesBuildPhase section */

/* Begin PBXFileReference section */
		D7DD4D8D24FD35F300F1D398 /* FreestylerExample.app */ = {isa = PBXFileReference; explicitFileType = wrapper.application; includeInIndex = 0; path = FreestylerExample.app; sourceTree = BUILT_PRODUCTS_DIR; };
		D7DD4D9024FD35F300F1D398 /* AppDelegate.swift */ = {isa = PBXFileReference; lastKnownFileType = sourcecode.swift; path = AppDelegate.swift; sourceTree = "<group>"; };
		D7DD4D9224FD35F300F1D398 /* SceneDelegate.swift */ = {isa = PBXFileReference; lastKnownFileType = sourcecode.swift; path = SceneDelegate.swift; sourceTree = "<group>"; };
		D7DD4D9424FD35F300F1D398 /* ViewController.swift */ = {isa = PBXFileReference; lastKnownFileType = sourcecode.swift; path = ViewController.swift; sourceTree = "<group>"; };
		D7DD4D9724FD35F300F1D398 /* Base */ = {isa = PBXFileReference; lastKnownFileType = file.storyboard; name = Base; path = Base.lproj/Main.storyboard; sourceTree = "<group>"; };
		D7DD4D9924FD35F500F1D398 /* Assets.xcassets */ = {isa = PBXFileReference; lastKnownFileType = folder.assetcatalog; path = Assets.xcassets; sourceTree = "<group>"; };
		D7DD4D9C24FD35F500F1D398 /* Base */ = {isa = PBXFileReference; lastKnownFileType = file.storyboard; name = Base; path = Base.lproj/LaunchScreen.storyboard; sourceTree = "<group>"; };
		D7DD4D9E24FD35F500F1D398 /* Info.plist */ = {isa = PBXFileReference; lastKnownFileType = text.plist.xml; path = Info.plist; sourceTree = "<group>"; };
		D7DD4DA524FD36A200F1D398 /* Freestyler.framework */ = {isa = PBXFileReference; explicitFileType = wrapper.framework; path = Freestyler.framework; sourceTree = BUILT_PRODUCTS_DIR; };
		D7DD4DBE24FE062700F1D398 /* ColorPalette.swift */ = {isa = PBXFileReference; lastKnownFileType = sourcecode.swift; path = ColorPalette.swift; sourceTree = "<group>"; };
		D7DD4DC124FE081600F1D398 /* FontPalette.swift */ = {isa = PBXFileReference; lastKnownFileType = sourcecode.swift; path = FontPalette.swift; sourceTree = "<group>"; };
		D7DD4DC324FE08B500F1D398 /* ImagePalette.swift */ = {isa = PBXFileReference; lastKnownFileType = sourcecode.swift; path = ImagePalette.swift; sourceTree = "<group>"; };
		D7DD4DC624FE0E3400F1D398 /* SunsetTheme.swift */ = {isa = PBXFileReference; lastKnownFileType = sourcecode.swift; path = SunsetTheme.swift; sourceTree = "<group>"; };
		D7DD4DCE24FE15E700F1D398 /* SunsetColors.swift */ = {isa = PBXFileReference; fileEncoding = 4; lastKnownFileType = sourcecode.swift; path = SunsetColors.swift; sourceTree = "<group>"; };
		D7DD4DD024FE169200F1D398 /* SunsetFonts.swift */ = {isa = PBXFileReference; fileEncoding = 4; lastKnownFileType = sourcecode.swift; path = SunsetFonts.swift; sourceTree = "<group>"; };
		D7DD4DD224FE16AD00F1D398 /* SunsetImages.swift */ = {isa = PBXFileReference; fileEncoding = 4; lastKnownFileType = sourcecode.swift; path = SunsetImages.swift; sourceTree = "<group>"; };
		D7DD4DD424FE176B00F1D398 /* ThemeIdentifier.swift */ = {isa = PBXFileReference; lastKnownFileType = sourcecode.swift; path = ThemeIdentifier.swift; sourceTree = "<group>"; };
		D7DD4DD724FE23EB00F1D398 /* SunriseTheme.swift */ = {isa = PBXFileReference; lastKnownFileType = sourcecode.swift; path = SunriseTheme.swift; sourceTree = "<group>"; };
		D7DD4DD924FE242E00F1D398 /* SunriseColors.swift */ = {isa = PBXFileReference; lastKnownFileType = sourcecode.swift; path = SunriseColors.swift; sourceTree = "<group>"; };
		D7DD4DDB24FE243A00F1D398 /* SunriseFonts.swift */ = {isa = PBXFileReference; lastKnownFileType = sourcecode.swift; path = SunriseFonts.swift; sourceTree = "<group>"; };
		D7DD4DDD24FE244400F1D398 /* SunriseImages.swift */ = {isa = PBXFileReference; lastKnownFileType = sourcecode.swift; path = SunriseImages.swift; sourceTree = "<group>"; };
		D7DD4DE024FE31F900F1D398 /* ViewStyleDescriptor.swift */ = {isa = PBXFileReference; lastKnownFileType = sourcecode.swift; path = ViewStyleDescriptor.swift; sourceTree = "<group>"; };
		D7DD4DE224FE32C900F1D398 /* PrimaryViewStyle.swift */ = {isa = PBXFileReference; lastKnownFileType = sourcecode.swift; path = PrimaryViewStyle.swift; sourceTree = "<group>"; };
		D7DD4DE424FE32D400F1D398 /* SecondaryViewStyle.swift */ = {isa = PBXFileReference; lastKnownFileType = sourcecode.swift; path = SecondaryViewStyle.swift; sourceTree = "<group>"; };
		D7DD4DE624FE32E400F1D398 /* TertiaryViewStyle.swift */ = {isa = PBXFileReference; lastKnownFileType = sourcecode.swift; path = TertiaryViewStyle.swift; sourceTree = "<group>"; };
		D7DD4DEA24FE342300F1D398 /* StyleDescriptor+Palettes.swift */ = {isa = PBXFileReference; lastKnownFileType = sourcecode.swift; path = "StyleDescriptor+Palettes.swift"; sourceTree = "<group>"; };
		D7DD4DEC24FE40C900F1D398 /* ButtonStyleDescriptor.swift */ = {isa = PBXFileReference; lastKnownFileType = sourcecode.swift; path = ButtonStyleDescriptor.swift; sourceTree = "<group>"; };
		D7DD4DEE24FE439200F1D398 /* Button+Stylable.swift */ = {isa = PBXFileReference; lastKnownFileType = sourcecode.swift; path = "Button+Stylable.swift"; sourceTree = "<group>"; };
		D7DD4DF024FE43F500F1D398 /* ButtonStyle.swift */ = {isa = PBXFileReference; lastKnownFileType = sourcecode.swift; path = ButtonStyle.swift; sourceTree = "<group>"; };
		D7DD4DF224FE46C600F1D398 /* TertiaryView.swift */ = {isa = PBXFileReference; lastKnownFileType = sourcecode.swift; path = TertiaryView.swift; sourceTree = "<group>"; };
		D7DD4DF424FE49C900F1D398 /* TertiaryViewStyleDescriptor.swift */ = {isa = PBXFileReference; lastKnownFileType = sourcecode.swift; path = TertiaryViewStyleDescriptor.swift; sourceTree = "<group>"; };
		D7DD4DF624FE4A1600F1D398 /* FavoriteImageViewStyle.swift */ = {isa = PBXFileReference; lastKnownFileType = sourcecode.swift; path = FavoriteImageViewStyle.swift; sourceTree = "<group>"; };
		D7DD4DF824FE4A2800F1D398 /* ImageViewStyleDescriptor.swift */ = {isa = PBXFileReference; lastKnownFileType = sourcecode.swift; path = ImageViewStyleDescriptor.swift; sourceTree = "<group>"; };
		D7DD4DFF24FE541800F1D398 /* LabelStyleDescriptor.swift */ = {isa = PBXFileReference; lastKnownFileType = sourcecode.swift; path = LabelStyleDescriptor.swift; sourceTree = "<group>"; };
		D7DD4E0124FE543B00F1D398 /* TitleLabelStyle.swift */ = {isa = PBXFileReference; lastKnownFileType = sourcecode.swift; path = TitleLabelStyle.swift; sourceTree = "<group>"; };
		D7DD4E0324FE544800F1D398 /* BodyLabelStyle.swift */ = {isa = PBXFileReference; lastKnownFileType = sourcecode.swift; path = BodyLabelStyle.swift; sourceTree = "<group>"; };
/* End PBXFileReference section */

/* Begin PBXFrameworksBuildPhase section */
		D7DD4D8A24FD35F300F1D398 /* Frameworks */ = {
			isa = PBXFrameworksBuildPhase;
			buildActionMask = 2147483647;
			files = (
				D7DD4DA624FD36A200F1D398 /* Freestyler.framework in Frameworks */,
			);
			runOnlyForDeploymentPostprocessing = 0;
		};
/* End PBXFrameworksBuildPhase section */

/* Begin PBXGroup section */
		D7DD4D8424FD35F300F1D398 = {
			isa = PBXGroup;
			children = (
				D7DD4D8F24FD35F300F1D398 /* FreestylerExample */,
				D7DD4D8E24FD35F300F1D398 /* Products */,
				D7DD4DA424FD36A200F1D398 /* Frameworks */,
			);
			sourceTree = "<group>";
		};
		D7DD4D8E24FD35F300F1D398 /* Products */ = {
			isa = PBXGroup;
			children = (
				D7DD4D8D24FD35F300F1D398 /* FreestylerExample.app */,
			);
			name = Products;
			sourceTree = "<group>";
		};
		D7DD4D8F24FD35F300F1D398 /* FreestylerExample */ = {
			isa = PBXGroup;
			children = (
				D7DD4DDF24FE318C00F1D398 /* Style */,
				D7DD4DB924FE052400F1D398 /* Theme */,
				D7DD4D9024FD35F300F1D398 /* AppDelegate.swift */,
				D7DD4D9224FD35F300F1D398 /* SceneDelegate.swift */,
				D7DD4D9424FD35F300F1D398 /* ViewController.swift */,
				D7DD4D9624FD35F300F1D398 /* Main.storyboard */,
				D7DD4D9924FD35F500F1D398 /* Assets.xcassets */,
				D7DD4D9B24FD35F500F1D398 /* LaunchScreen.storyboard */,
				D7DD4D9E24FD35F500F1D398 /* Info.plist */,
				D7DD4DEE24FE439200F1D398 /* Button+Stylable.swift */,
				D7DD4DF224FE46C600F1D398 /* TertiaryView.swift */,
			);
			path = FreestylerExample;
			sourceTree = "<group>";
		};
		D7DD4DA424FD36A200F1D398 /* Frameworks */ = {
			isa = PBXGroup;
			children = (
				D7DD4DA524FD36A200F1D398 /* Freestyler.framework */,
			);
			name = Frameworks;
			sourceTree = "<group>";
		};
		D7DD4DB924FE052400F1D398 /* Theme */ = {
			isa = PBXGroup;
			children = (
				D7DD4DD624FE23DB00F1D398 /* Sunrise */,
				D7DD4DC524FE0E2300F1D398 /* Sunset */,
				D7DD4DC024FE080200F1D398 /* Palette */,
				D7DD4DD424FE176B00F1D398 /* ThemeIdentifier.swift */,
				D7DD4DEA24FE342300F1D398 /* StyleDescriptor+Palettes.swift */,
			);
			path = Theme;
			sourceTree = "<group>";
		};
		D7DD4DC024FE080200F1D398 /* Palette */ = {
			isa = PBXGroup;
			children = (
				D7DD4DBE24FE062700F1D398 /* ColorPalette.swift */,
				D7DD4DC124FE081600F1D398 /* FontPalette.swift */,
				D7DD4DC324FE08B500F1D398 /* ImagePalette.swift */,
			);
			path = Palette;
			sourceTree = "<group>";
		};
		D7DD4DC524FE0E2300F1D398 /* Sunset */ = {
			isa = PBXGroup;
			children = (
				D7DD4DC624FE0E3400F1D398 /* SunsetTheme.swift */,
				D7DD4DCE24FE15E700F1D398 /* SunsetColors.swift */,
				D7DD4DD024FE169200F1D398 /* SunsetFonts.swift */,
				D7DD4DD224FE16AD00F1D398 /* SunsetImages.swift */,
			);
			path = Sunset;
			sourceTree = "<group>";
		};
		D7DD4DD624FE23DB00F1D398 /* Sunrise */ = {
			isa = PBXGroup;
			children = (
				D7DD4DD724FE23EB00F1D398 /* SunriseTheme.swift */,
				D7DD4DD924FE242E00F1D398 /* SunriseColors.swift */,
				D7DD4DDB24FE243A00F1D398 /* SunriseFonts.swift */,
				D7DD4DDD24FE244400F1D398 /* SunriseImages.swift */,
			);
			path = Sunrise;
			sourceTree = "<group>";
		};
		D7DD4DDF24FE318C00F1D398 /* Style */ = {
			isa = PBXGroup;
			children = (
				D7DD4DFE24FE53FE00F1D398 /* Label */,
				D7DD4DFB24FE4E5D00F1D398 /* Button */,
				D7DD4DFC24FE4E6700F1D398 /* ImageView */,
				D7DD4DFA24FE4E4200F1D398 /* View */,
			);
			path = Style;
			sourceTree = "<group>";
		};
		D7DD4DFA24FE4E4200F1D398 /* View */ = {
			isa = PBXGroup;
			children = (
				D7DD4DFD24FE4E7D00F1D398 /* Tertiary */,
				D7DD4DE224FE32C900F1D398 /* PrimaryViewStyle.swift */,
				D7DD4DE424FE32D400F1D398 /* SecondaryViewStyle.swift */,
				D7DD4DE024FE31F900F1D398 /* ViewStyleDescriptor.swift */,
			);
			path = View;
			sourceTree = "<group>";
		};
		D7DD4DFB24FE4E5D00F1D398 /* Button */ = {
			isa = PBXGroup;
			children = (
				D7DD4DF024FE43F500F1D398 /* ButtonStyle.swift */,
				D7DD4DEC24FE40C900F1D398 /* ButtonStyleDescriptor.swift */,
			);
			path = Button;
			sourceTree = "<group>";
		};
		D7DD4DFC24FE4E6700F1D398 /* ImageView */ = {
			isa = PBXGroup;
			children = (
				D7DD4DF624FE4A1600F1D398 /* FavoriteImageViewStyle.swift */,
				D7DD4DF824FE4A2800F1D398 /* ImageViewStyleDescriptor.swift */,
			);
			path = ImageView;
			sourceTree = "<group>";
		};
		D7DD4DFD24FE4E7D00F1D398 /* Tertiary */ = {
			isa = PBXGroup;
			children = (
				D7DD4DE624FE32E400F1D398 /* TertiaryViewStyle.swift */,
				D7DD4DF424FE49C900F1D398 /* TertiaryViewStyleDescriptor.swift */,
			);
			path = Tertiary;
			sourceTree = "<group>";
		};
		D7DD4DFE24FE53FE00F1D398 /* Label */ = {
			isa = PBXGroup;
			children = (
				D7DD4E0124FE543B00F1D398 /* TitleLabelStyle.swift */,
				D7DD4E0324FE544800F1D398 /* BodyLabelStyle.swift */,
				D7DD4DFF24FE541800F1D398 /* LabelStyleDescriptor.swift */,
			);
			path = Label;
			sourceTree = "<group>";
		};
/* End PBXGroup section */

/* Begin PBXNativeTarget section */
		D7DD4D8C24FD35F300F1D398 /* FreestylerExample */ = {
			isa = PBXNativeTarget;
			buildConfigurationList = D7DD4DA124FD35F500F1D398 /* Build configuration list for PBXNativeTarget "FreestylerExample" */;
			buildPhases = (
				D7DD4D8924FD35F300F1D398 /* Sources */,
				D7DD4D8A24FD35F300F1D398 /* Frameworks */,
				D7DD4D8B24FD35F300F1D398 /* Resources */,
				D7DD4DA824FD36A300F1D398 /* Embed Frameworks */,
			);
			buildRules = (
			);
			dependencies = (
			);
			name = FreestylerExample;
			productName = FreestylerExample;
			productReference = D7DD4D8D24FD35F300F1D398 /* FreestylerExample.app */;
			productType = "com.apple.product-type.application";
		};
/* End PBXNativeTarget section */

/* Begin PBXProject section */
		D7DD4D8524FD35F300F1D398 /* Project object */ = {
			isa = PBXProject;
			attributes = {
				LastSwiftUpdateCheck = 1150;
				LastUpgradeCheck = 1150;
				ORGANIZATIONNAME = W.UP;
				TargetAttributes = {
					D7DD4D8C24FD35F300F1D398 = {
						CreatedOnToolsVersion = 11.5;
					};
				};
			};
			buildConfigurationList = D7DD4D8824FD35F300F1D398 /* Build configuration list for PBXProject "FreestylerExample" */;
			compatibilityVersion = "Xcode 9.3";
			developmentRegion = en;
			hasScannedForEncodings = 0;
			knownRegions = (
				en,
				Base,
			);
			mainGroup = D7DD4D8424FD35F300F1D398;
			productRefGroup = D7DD4D8E24FD35F300F1D398 /* Products */;
			projectDirPath = "";
			projectRoot = "";
			targets = (
				D7DD4D8C24FD35F300F1D398 /* FreestylerExample */,
			);
		};
/* End PBXProject section */

/* Begin PBXResourcesBuildPhase section */
		D7DD4D8B24FD35F300F1D398 /* Resources */ = {
			isa = PBXResourcesBuildPhase;
			buildActionMask = 2147483647;
			files = (
				D7DD4D9D24FD35F500F1D398 /* LaunchScreen.storyboard in Resources */,
				D7DD4D9A24FD35F500F1D398 /* Assets.xcassets in Resources */,
				D7DD4D9824FD35F300F1D398 /* Main.storyboard in Resources */,
			);
			runOnlyForDeploymentPostprocessing = 0;
		};
/* End PBXResourcesBuildPhase section */

/* Begin PBXSourcesBuildPhase section */
		D7DD4D8924FD35F300F1D398 /* Sources */ = {
			isa = PBXSourcesBuildPhase;
			buildActionMask = 2147483647;
			files = (
				D7DD4DDC24FE243A00F1D398 /* SunriseFonts.swift in Sources */,
				D7DD4DF924FE4A2800F1D398 /* ImageViewStyleDescriptor.swift in Sources */,
				D7DD4DC224FE081600F1D398 /* FontPalette.swift in Sources */,
				D7DD4DCF24FE15E700F1D398 /* SunsetColors.swift in Sources */,
				D7DD4DC724FE0E3400F1D398 /* SunsetTheme.swift in Sources */,
				D7DD4DF724FE4A1600F1D398 /* FavoriteImageViewStyle.swift in Sources */,
				D7DD4DF124FE43F500F1D398 /* ButtonStyle.swift in Sources */,
				D7DD4D9524FD35F300F1D398 /* ViewController.swift in Sources */,
				D7DD4DE324FE32C900F1D398 /* PrimaryViewStyle.swift in Sources */,
				D7DD4DD124FE169200F1D398 /* SunsetFonts.swift in Sources */,
				D7DD4E0224FE543B00F1D398 /* TitleLabelStyle.swift in Sources */,
				D7DD4DD824FE23EB00F1D398 /* SunriseTheme.swift in Sources */,
				D7DD4DDE24FE244400F1D398 /* SunriseImages.swift in Sources */,
				D7DD4D9124FD35F300F1D398 /* AppDelegate.swift in Sources */,
				D7DD4D9324FD35F300F1D398 /* SceneDelegate.swift in Sources */,
				D7DD4DF324FE46C600F1D398 /* TertiaryView.swift in Sources */,
				D7DD4DBF24FE062700F1D398 /* ColorPalette.swift in Sources */,
				D7DD4DC424FE08B500F1D398 /* ImagePalette.swift in Sources */,
				D7DD4DE724FE32E400F1D398 /* TertiaryViewStyle.swift in Sources */,
				D7DD4DED24FE40C900F1D398 /* ButtonStyleDescriptor.swift in Sources */,
				D7DD4DD324FE16AD00F1D398 /* SunsetImages.swift in Sources */,
				D7DD4DD524FE176B00F1D398 /* ThemeIdentifier.swift in Sources */,
				D7DD4E0024FE541800F1D398 /* LabelStyleDescriptor.swift in Sources */,
				D7DD4DF524FE49C900F1D398 /* TertiaryViewStyleDescriptor.swift in Sources */,
				D7DD4E0424FE544800F1D398 /* BodyLabelStyle.swift in Sources */,
				D7DD4DDA24FE242E00F1D398 /* SunriseColors.swift in Sources */,
				D7DD4DE124FE31F900F1D398 /* ViewStyleDescriptor.swift in Sources */,
				D7DD4DEF24FE439200F1D398 /* Button+Stylable.swift in Sources */,
				D7DD4DEB24FE342300F1D398 /* StyleDescriptor+Palettes.swift in Sources */,
				D7DD4DE524FE32D400F1D398 /* SecondaryViewStyle.swift in Sources */,
			);
			runOnlyForDeploymentPostprocessing = 0;
		};
/* End PBXSourcesBuildPhase section */

/* Begin PBXVariantGroup section */
		D7DD4D9624FD35F300F1D398 /* Main.storyboard */ = {
			isa = PBXVariantGroup;
			children = (
				D7DD4D9724FD35F300F1D398 /* Base */,
			);
			name = Main.storyboard;
			sourceTree = "<group>";
		};
		D7DD4D9B24FD35F500F1D398 /* LaunchScreen.storyboard */ = {
			isa = PBXVariantGroup;
			children = (
				D7DD4D9C24FD35F500F1D398 /* Base */,
			);
			name = LaunchScreen.storyboard;
			sourceTree = "<group>";
		};
/* End PBXVariantGroup section */

/* Begin XCBuildConfiguration section */
		D7DD4D9F24FD35F500F1D398 /* Debug */ = {
			isa = XCBuildConfiguration;
			buildSettings = {
				ALWAYS_SEARCH_USER_PATHS = NO;
				CLANG_ANALYZER_NONNULL = YES;
				CLANG_ANALYZER_NUMBER_OBJECT_CONVERSION = YES_AGGRESSIVE;
				CLANG_CXX_LANGUAGE_STANDARD = "gnu++14";
				CLANG_CXX_LIBRARY = "libc++";
				CLANG_ENABLE_MODULES = YES;
				CLANG_ENABLE_OBJC_ARC = YES;
				CLANG_ENABLE_OBJC_WEAK = YES;
				CLANG_WARN_BLOCK_CAPTURE_AUTORELEASING = YES;
				CLANG_WARN_BOOL_CONVERSION = YES;
				CLANG_WARN_COMMA = YES;
				CLANG_WARN_CONSTANT_CONVERSION = YES;
				CLANG_WARN_DEPRECATED_OBJC_IMPLEMENTATIONS = YES;
				CLANG_WARN_DIRECT_OBJC_ISA_USAGE = YES_ERROR;
				CLANG_WARN_DOCUMENTATION_COMMENTS = YES;
				CLANG_WARN_EMPTY_BODY = YES;
				CLANG_WARN_ENUM_CONVERSION = YES;
				CLANG_WARN_INFINITE_RECURSION = YES;
				CLANG_WARN_INT_CONVERSION = YES;
				CLANG_WARN_NON_LITERAL_NULL_CONVERSION = YES;
				CLANG_WARN_OBJC_IMPLICIT_RETAIN_SELF = YES;
				CLANG_WARN_OBJC_LITERAL_CONVERSION = YES;
				CLANG_WARN_OBJC_ROOT_CLASS = YES_ERROR;
				CLANG_WARN_RANGE_LOOP_ANALYSIS = YES;
				CLANG_WARN_STRICT_PROTOTYPES = YES;
				CLANG_WARN_SUSPICIOUS_MOVE = YES;
				CLANG_WARN_UNGUARDED_AVAILABILITY = YES_AGGRESSIVE;
				CLANG_WARN_UNREACHABLE_CODE = YES;
				CLANG_WARN__DUPLICATE_METHOD_MATCH = YES;
				COPY_PHASE_STRIP = NO;
				DEBUG_INFORMATION_FORMAT = dwarf;
				ENABLE_STRICT_OBJC_MSGSEND = YES;
				ENABLE_TESTABILITY = YES;
				GCC_C_LANGUAGE_STANDARD = gnu11;
				GCC_DYNAMIC_NO_PIC = NO;
				GCC_NO_COMMON_BLOCKS = YES;
				GCC_OPTIMIZATION_LEVEL = 0;
				GCC_PREPROCESSOR_DEFINITIONS = (
					"DEBUG=1",
					"$(inherited)",
				);
				GCC_WARN_64_TO_32_BIT_CONVERSION = YES;
				GCC_WARN_ABOUT_RETURN_TYPE = YES_ERROR;
				GCC_WARN_UNDECLARED_SELECTOR = YES;
				GCC_WARN_UNINITIALIZED_AUTOS = YES_AGGRESSIVE;
				GCC_WARN_UNUSED_FUNCTION = YES;
				GCC_WARN_UNUSED_VARIABLE = YES;
				IPHONEOS_DEPLOYMENT_TARGET = 13.0;
				MTL_ENABLE_DEBUG_INFO = INCLUDE_SOURCE;
				MTL_FAST_MATH = YES;
				ONLY_ACTIVE_ARCH = YES;
				SDKROOT = iphoneos;
				SWIFT_ACTIVE_COMPILATION_CONDITIONS = DEBUG;
				SWIFT_OPTIMIZATION_LEVEL = "-Onone";
			};
			name = Debug;
		};
		D7DD4DA024FD35F500F1D398 /* Release */ = {
			isa = XCBuildConfiguration;
			buildSettings = {
				ALWAYS_SEARCH_USER_PATHS = NO;
				CLANG_ANALYZER_NONNULL = YES;
				CLANG_ANALYZER_NUMBER_OBJECT_CONVERSION = YES_AGGRESSIVE;
				CLANG_CXX_LANGUAGE_STANDARD = "gnu++14";
				CLANG_CXX_LIBRARY = "libc++";
				CLANG_ENABLE_MODULES = YES;
				CLANG_ENABLE_OBJC_ARC = YES;
				CLANG_ENABLE_OBJC_WEAK = YES;
				CLANG_WARN_BLOCK_CAPTURE_AUTORELEASING = YES;
				CLANG_WARN_BOOL_CONVERSION = YES;
				CLANG_WARN_COMMA = YES;
				CLANG_WARN_CONSTANT_CONVERSION = YES;
				CLANG_WARN_DEPRECATED_OBJC_IMPLEMENTATIONS = YES;
				CLANG_WARN_DIRECT_OBJC_ISA_USAGE = YES_ERROR;
				CLANG_WARN_DOCUMENTATION_COMMENTS = YES;
				CLANG_WARN_EMPTY_BODY = YES;
				CLANG_WARN_ENUM_CONVERSION = YES;
				CLANG_WARN_INFINITE_RECURSION = YES;
				CLANG_WARN_INT_CONVERSION = YES;
				CLANG_WARN_NON_LITERAL_NULL_CONVERSION = YES;
				CLANG_WARN_OBJC_IMPLICIT_RETAIN_SELF = YES;
				CLANG_WARN_OBJC_LITERAL_CONVERSION = YES;
				CLANG_WARN_OBJC_ROOT_CLASS = YES_ERROR;
				CLANG_WARN_RANGE_LOOP_ANALYSIS = YES;
				CLANG_WARN_STRICT_PROTOTYPES = YES;
				CLANG_WARN_SUSPICIOUS_MOVE = YES;
				CLANG_WARN_UNGUARDED_AVAILABILITY = YES_AGGRESSIVE;
				CLANG_WARN_UNREACHABLE_CODE = YES;
				CLANG_WARN__DUPLICATE_METHOD_MATCH = YES;
				COPY_PHASE_STRIP = NO;
				DEBUG_INFORMATION_FORMAT = "dwarf-with-dsym";
				ENABLE_NS_ASSERTIONS = NO;
				ENABLE_STRICT_OBJC_MSGSEND = YES;
				GCC_C_LANGUAGE_STANDARD = gnu11;
				GCC_NO_COMMON_BLOCKS = YES;
				GCC_WARN_64_TO_32_BIT_CONVERSION = YES;
				GCC_WARN_ABOUT_RETURN_TYPE = YES_ERROR;
				GCC_WARN_UNDECLARED_SELECTOR = YES;
				GCC_WARN_UNINITIALIZED_AUTOS = YES_AGGRESSIVE;
				GCC_WARN_UNUSED_FUNCTION = YES;
				GCC_WARN_UNUSED_VARIABLE = YES;
				IPHONEOS_DEPLOYMENT_TARGET = 13.0;
				MTL_ENABLE_DEBUG_INFO = NO;
				MTL_FAST_MATH = YES;
				SDKROOT = iphoneos;
				SWIFT_COMPILATION_MODE = wholemodule;
				SWIFT_OPTIMIZATION_LEVEL = "-O";
				VALIDATE_PRODUCT = YES;
			};
			name = Release;
		};
		D7DD4DA224FD35F500F1D398 /* Debug */ = {
			isa = XCBuildConfiguration;
			buildSettings = {
				ASSETCATALOG_COMPILER_APPICON_NAME = AppIcon;
				CODE_SIGN_STYLE = Automatic;
				INFOPLIST_FILE = FreestylerExample/Info.plist;
				LD_RUNPATH_SEARCH_PATHS = (
					"$(inherited)",
					"@executable_path/Frameworks",
				);
				PRODUCT_BUNDLE_IDENTIFIER = digital.wup.FreestylerExample;
				PRODUCT_NAME = "$(TARGET_NAME)";
				SWIFT_VERSION = 5.0;
				TARGETED_DEVICE_FAMILY = "1,2";
			};
			name = Debug;
		};
		D7DD4DA324FD35F500F1D398 /* Release */ = {
			isa = XCBuildConfiguration;
			buildSettings = {
				ASSETCATALOG_COMPILER_APPICON_NAME = AppIcon;
				CODE_SIGN_STYLE = Automatic;
				INFOPLIST_FILE = FreestylerExample/Info.plist;
				LD_RUNPATH_SEARCH_PATHS = (
					"$(inherited)",
					"@executable_path/Frameworks",
				);
				PRODUCT_BUNDLE_IDENTIFIER = digital.wup.FreestylerExample;
				PRODUCT_NAME = "$(TARGET_NAME)";
				SWIFT_VERSION = 5.0;
				TARGETED_DEVICE_FAMILY = "1,2";
			};
			name = Release;
		};
/* End XCBuildConfiguration section */

/* Begin XCConfigurationList section */
		D7DD4D8824FD35F300F1D398 /* Build configuration list for PBXProject "FreestylerExample" */ = {
			isa = XCConfigurationList;
			buildConfigurations = (
				D7DD4D9F24FD35F500F1D398 /* Debug */,
				D7DD4DA024FD35F500F1D398 /* Release */,
			);
			defaultConfigurationIsVisible = 0;
			defaultConfigurationName = Release;
		};
		D7DD4DA124FD35F500F1D398 /* Build configuration list for PBXNativeTarget "FreestylerExample" */ = {
			isa = XCConfigurationList;
			buildConfigurations = (
				D7DD4DA224FD35F500F1D398 /* Debug */,
				D7DD4DA324FD35F500F1D398 /* Release */,
			);
			defaultConfigurationIsVisible = 0;
			defaultConfigurationName = Release;
		};
/* End XCConfigurationList section */
	};
	rootObject = D7DD4D8524FD35F300F1D398 /* Project object */;
}
