// !$*UTF8*$!
{
	archiveVersion = 1;
	classes = {
	};
	objectVersion = 50;
	objects = {

/* Begin PBXBuildFile section */
		D7DD4D9124FD35F300F1D398 /* AppDelegate.swift in Sources */ = {isa = PBXBuildFile; fileRef = D7DD4D9024FD35F300F1D398 /* AppDelegate.swift */; };
		D7DD4D9324FD35F300F1D398 /* SceneDelegate.swift in Sources */ = {isa = PBXBuildFile; fileRef = D7DD4D9224FD35F300F1D398 /* SceneDelegate.swift */; };
		D7DD4D9524FD35F300F1D398 /* ViewController.swift in Sources */ = {isa = PBXBuildFile; fileRef = D7DD4D9424FD35F300F1D398 /* ViewController.swift */; };
		D7DD4D9824FD35F300F1D398 /* Main.storyboard in Resources */ = {isa = PBXBuildFile; fileRef = D7DD4D9624FD35F300F1D398 /* Main.storyboard */; };
		D7DD4D9A24FD35F500F1D398 /* Assets.xcassets in Resources */ = {isa = PBXBuildFile; fileRef = D7DD4D9924FD35F500F1D398 /* Assets.xcassets */; };
		D7DD4D9D24FD35F500F1D398 /* LaunchScreen.storyboard in Resources */ = {isa = PBXBuildFile; fileRef = D7DD4D9B24FD35F500F1D398 /* LaunchScreen.storyboard */; };
		D7DD4DA624FD36A200F1D398 /* Freestyler.framework in Frameworks */ = {isa = PBXBuildFile; fileRef = D7DD4DA524FD36A200F1D398 /* Freestyler.framework */; };
		D7DD4DA724FD36A200F1D398 /* Freestyler.framework in Embed Frameworks */ = {isa = PBXBuildFile; fileRef = D7DD4DA524FD36A200F1D398 /* Freestyler.framework */; settings = {ATTRIBUTES = (CodeSignOnCopy, RemoveHeadersOnCopy, ); }; };
/* End PBXBuildFile section */

/* Begin PBXCopyFilesBuildPhase section */
		D7DD4DA824FD36A300F1D398 /* Embed Frameworks */ = {
			isa = PBXCopyFilesBuildPhase;
			buildActionMask = 2147483647;
			dstPath = "";
			dstSubfolderSpec = 10;
			files = (
				D7DD4DA724FD36A200F1D398 /* Freestyler.framework in Embed Frameworks */,
			);
			name = "Embed Frameworks";
			runOnlyForDeploymentPostprocessing = 0;
		};
/* End PBXCopyFilesBuildPhase section */

/* Begin PBXFileReference section */
		D7DD4D8D24FD35F300F1D398 /* FreestylerExample.app */ = {isa = PBXFileReference; explicitFileType = wrapper.application; includeInIndex = 0; path = FreestylerExample.app; sourceTree = BUILT_PRODUCTS_DIR; };
		D7DD4D9024FD35F300F1D398 /* AppDelegate.swift */ = {isa = PBXFileReference; lastKnownFileType = sourcecode.swift; path = AppDelegate.swift; sourceTree = "<group>"; };
		D7DD4D9224FD35F300F1D398 /* SceneDelegate.swift */ = {isa = PBXFileReference; lastKnownFileType = sourcecode.swift; path = SceneDelegate.swift; sourceTree = "<group>"; };
		D7DD4D9424FD35F300F1D398 /* ViewController.swift */ = {isa = PBXFileReference; lastKnownFileType = sourcecode.swift; path = ViewController.swift; sourceTree = "<group>"; };
		D7DD4D9724FD35F300F1D398 /* Base */ = {isa = PBXFileReference; lastKnownFileType = file.storyboard; name = Base; path = Base.lproj/Main.storyboard; sourceTree = "<group>"; };
		D7DD4D9924FD35F500F1D398 /* Assets.xcassets */ = {isa = PBXFileReference; lastKnownFileType = folder.assetcatalog; path = Assets.xcassets; sourceTree = "<group>"; };
		D7DD4D9C24FD35F500F1D398 /* Base */ = {isa = PBXFileReference; lastKnownFileType = file.storyboard; name = Base; path = Base.lproj/LaunchScreen.storyboard; sourceTree = "<group>"; };
		D7DD4D9E24FD35F500F1D398 /* Info.plist */ = {isa = PBXFileReference; lastKnownFileType = text.plist.xml; path = Info.plist; sourceTree = "<group>"; };
		D7DD4DA524FD36A200F1D398 /* Freestyler.framework */ = {isa = PBXFileReference; explicitFileType = wrapper.framework; path = Freestyler.framework; sourceTree = BUILT_PRODUCTS_DIR; };
/* End PBXFileReference section */

/* Begin PBXFrameworksBuildPhase section */
		D7DD4D8A24FD35F300F1D398 /* Frameworks */ = {
			isa = PBXFrameworksBuildPhase;
			buildActionMask = 2147483647;
			files = (
				D7DD4DA624FD36A200F1D398 /* Freestyler.framework in Frameworks */,
			);
			runOnlyForDeploymentPostprocessing = 0;
		};
/* End PBXFrameworksBuildPhase section */

/* Begin PBXGroup section */
		D7DD4D8424FD35F300F1D398 = {
			isa = PBXGroup;
			children = (
				D7DD4D8F24FD35F300F1D398 /* FreestylerExample */,
				D7DD4D8E24FD35F300F1D398 /* Products */,
				D7DD4DA424FD36A200F1D398 /* Frameworks */,
			);
			sourceTree = "<group>";
		};
		D7DD4D8E24FD35F300F1D398 /* Products */ = {
			isa = PBXGroup;
			children = (
				D7DD4D8D24FD35F300F1D398 /* FreestylerExample.app */,
			);
			name = Products;
			sourceTree = "<group>";
		};
		D7DD4D8F24FD35F300F1D398 /* FreestylerExample */ = {
			isa = PBXGroup;
			children = (
				D7DD4D9024FD35F300F1D398 /* AppDelegate.swift */,
				D7DD4D9224FD35F300F1D398 /* SceneDelegate.swift */,
				D7DD4D9424FD35F300F1D398 /* ViewController.swift */,
				D7DD4D9624FD35F300F1D398 /* Main.storyboard */,
				D7DD4D9924FD35F500F1D398 /* Assets.xcassets */,
				D7DD4D9B24FD35F500F1D398 /* LaunchScreen.storyboard */,
				D7DD4D9E24FD35F500F1D398 /* Info.plist */,
			);
			path = FreestylerExample;
			sourceTree = "<group>";
		};
		D7DD4DA424FD36A200F1D398 /* Frameworks */ = {
			isa = PBXGroup;
			children = (
				D7DD4DA524FD36A200F1D398 /* Freestyler.framework */,
			);
			name = Frameworks;
			sourceTree = "<group>";
		};
/* End PBXGroup section */

/* Begin PBXNativeTarget section */
		D7DD4D8C24FD35F300F1D398 /* FreestylerExample */ = {
			isa = PBXNativeTarget;
			buildConfigurationList = D7DD4DA124FD35F500F1D398 /* Build configuration list for PBXNativeTarget "FreestylerExample" */;
			buildPhases = (
				D7DD4D8924FD35F300F1D398 /* Sources */,
				D7DD4D8A24FD35F300F1D398 /* Frameworks */,
				D7DD4D8B24FD35F300F1D398 /* Resources */,
				D7DD4DA824FD36A300F1D398 /* Embed Frameworks */,
			);
			buildRules = (
			);
			dependencies = (
			);
			name = FreestylerExample;
			productName = FreestylerExample;
			productReference = D7DD4D8D24FD35F300F1D398 /* FreestylerExample.app */;
			productType = "com.apple.product-type.application";
		};
/* End PBXNativeTarget section */

/* Begin PBXProject section */
		D7DD4D8524FD35F300F1D398 /* Project object */ = {
			isa = PBXProject;
			attributes = {
				LastSwiftUpdateCheck = 1150;
				LastUpgradeCheck = 1150;
				ORGANIZATIONNAME = W.UP;
				TargetAttributes = {
					D7DD4D8C24FD35F300F1D398 = {
						CreatedOnToolsVersion = 11.5;
					};
				};
			};
			buildConfigurationList = D7DD4D8824FD35F300F1D398 /* Build configuration list for PBXProject "FreestylerExample" */;
			compatibilityVersion = "Xcode 9.3";
			developmentRegion = en;
			hasScannedForEncodings = 0;
			knownRegions = (
				en,
				Base,
			);
			mainGroup = D7DD4D8424FD35F300F1D398;
			productRefGroup = D7DD4D8E24FD35F300F1D398 /* Products */;
			projectDirPath = "";
			projectRoot = "";
			targets = (
				D7DD4D8C24FD35F300F1D398 /* FreestylerExample */,
			);
		};
/* End PBXProject section */

/* Begin PBXResourcesBuildPhase section */
		D7DD4D8B24FD35F300F1D398 /* Resources */ = {
			isa = PBXResourcesBuildPhase;
			buildActionMask = 2147483647;
			files = (
				D7DD4D9D24FD35F500F1D398 /* LaunchScreen.storyboard in Resources */,
				D7DD4D9A24FD35F500F1D398 /* Assets.xcassets in Resources */,
				D7DD4D9824FD35F300F1D398 /* Main.storyboard in Resources */,
			);
			runOnlyForDeploymentPostprocessing = 0;
		};
/* End PBXResourcesBuildPhase section */

/* Begin PBXSourcesBuildPhase section */
		D7DD4D8924FD35F300F1D398 /* Sources */ = {
			isa = PBXSourcesBuildPhase;
			buildActionMask = 2147483647;
			files = (
				D7DD4D9524FD35F300F1D398 /* ViewController.swift in Sources */,
				D7DD4D9124FD35F300F1D398 /* AppDelegate.swift in Sources */,
				D7DD4D9324FD35F300F1D398 /* SceneDelegate.swift in Sources */,
			);
			runOnlyForDeploymentPostprocessing = 0;
		};
/* End PBXSourcesBuildPhase section */

/* Begin PBXVariantGroup section */
		D7DD4D9624FD35F300F1D398 /* Main.storyboard */ = {
			isa = PBXVariantGroup;
			children = (
				D7DD4D9724FD35F300F1D398 /* Base */,
			);
			name = Main.storyboard;
			sourceTree = "<group>";
		};
		D7DD4D9B24FD35F500F1D398 /* LaunchScreen.storyboard */ = {
			isa = PBXVariantGroup;
			children = (
				D7DD4D9C24FD35F500F1D398 /* Base */,
			);
			name = LaunchScreen.storyboard;
			sourceTree = "<group>";
		};
/* End PBXVariantGroup section */

/* Begin XCBuildConfiguration section */
		D7DD4D9F24FD35F500F1D398 /* Debug */ = {
			isa = XCBuildConfiguration;
			buildSettings = {
				ALWAYS_SEARCH_USER_PATHS = NO;
				CLANG_ANALYZER_NONNULL = YES;
				CLANG_ANALYZER_NUMBER_OBJECT_CONVERSION = YES_AGGRESSIVE;
				CLANG_CXX_LANGUAGE_STANDARD = "gnu++14";
				CLANG_CXX_LIBRARY = "libc++";
				CLANG_ENABLE_MODULES = YES;
				CLANG_ENABLE_OBJC_ARC = YES;
				CLANG_ENABLE_OBJC_WEAK = YES;
				CLANG_WARN_BLOCK_CAPTURE_AUTORELEASING = YES;
				CLANG_WARN_BOOL_CONVERSION = YES;
				CLANG_WARN_COMMA = YES;
				CLANG_WARN_CONSTANT_CONVERSION = YES;
				CLANG_WARN_DEPRECATED_OBJC_IMPLEMENTATIONS = YES;
				CLANG_WARN_DIRECT_OBJC_ISA_USAGE = YES_ERROR;
				CLANG_WARN_DOCUMENTATION_COMMENTS = YES;
				CLANG_WARN_EMPTY_BODY = YES;
				CLANG_WARN_ENUM_CONVERSION = YES;
				CLANG_WARN_INFINITE_RECURSION = YES;
				CLANG_WARN_INT_CONVERSION = YES;
				CLANG_WARN_NON_LITERAL_NULL_CONVERSION = YES;
				CLANG_WARN_OBJC_IMPLICIT_RETAIN_SELF = YES;
				CLANG_WARN_OBJC_LITERAL_CONVERSION = YES;
				CLANG_WARN_OBJC_ROOT_CLASS = YES_ERROR;
				CLANG_WARN_RANGE_LOOP_ANALYSIS = YES;
				CLANG_WARN_STRICT_PROTOTYPES = YES;
				CLANG_WARN_SUSPICIOUS_MOVE = YES;
				CLANG_WARN_UNGUARDED_AVAILABILITY = YES_AGGRESSIVE;
				CLANG_WARN_UNREACHABLE_CODE = YES;
				CLANG_WARN__DUPLICATE_METHOD_MATCH = YES;
				COPY_PHASE_STRIP = NO;
				DEBUG_INFORMATION_FORMAT = dwarf;
				ENABLE_STRICT_OBJC_MSGSEND = YES;
				ENABLE_TESTABILITY = YES;
				GCC_C_LANGUAGE_STANDARD = gnu11;
				GCC_DYNAMIC_NO_PIC = NO;
				GCC_NO_COMMON_BLOCKS = YES;
				GCC_OPTIMIZATION_LEVEL = 0;
				GCC_PREPROCESSOR_DEFINITIONS = (
					"DEBUG=1",
					"$(inherited)",
				);
				GCC_WARN_64_TO_32_BIT_CONVERSION = YES;
				GCC_WARN_ABOUT_RETURN_TYPE = YES_ERROR;
				GCC_WARN_UNDECLARED_SELECTOR = YES;
				GCC_WARN_UNINITIALIZED_AUTOS = YES_AGGRESSIVE;
				GCC_WARN_UNUSED_FUNCTION = YES;
				GCC_WARN_UNUSED_VARIABLE = YES;
				IPHONEOS_DEPLOYMENT_TARGET = 13.0;
				MTL_ENABLE_DEBUG_INFO = INCLUDE_SOURCE;
				MTL_FAST_MATH = YES;
				ONLY_ACTIVE_ARCH = YES;
				SDKROOT = iphoneos;
				SWIFT_ACTIVE_COMPILATION_CONDITIONS = DEBUG;
				SWIFT_OPTIMIZATION_LEVEL = "-Onone";
			};
			name = Debug;
		};
		D7DD4DA024FD35F500F1D398 /* Release */ = {
			isa = XCBuildConfiguration;
			buildSettings = {
				ALWAYS_SEARCH_USER_PATHS = NO;
				CLANG_ANALYZER_NONNULL = YES;
				CLANG_ANALYZER_NUMBER_OBJECT_CONVERSION = YES_AGGRESSIVE;
				CLANG_CXX_LANGUAGE_STANDARD = "gnu++14";
				CLANG_CXX_LIBRARY = "libc++";
				CLANG_ENABLE_MODULES = YES;
				CLANG_ENABLE_OBJC_ARC = YES;
				CLANG_ENABLE_OBJC_WEAK = YES;
				CLANG_WARN_BLOCK_CAPTURE_AUTORELEASING = YES;
				CLANG_WARN_BOOL_CONVERSION = YES;
				CLANG_WARN_COMMA = YES;
				CLANG_WARN_CONSTANT_CONVERSION = YES;
				CLANG_WARN_DEPRECATED_OBJC_IMPLEMENTATIONS = YES;
				CLANG_WARN_DIRECT_OBJC_ISA_USAGE = YES_ERROR;
				CLANG_WARN_DOCUMENTATION_COMMENTS = YES;
				CLANG_WARN_EMPTY_BODY = YES;
				CLANG_WARN_ENUM_CONVERSION = YES;
				CLANG_WARN_INFINITE_RECURSION = YES;
				CLANG_WARN_INT_CONVERSION = YES;
				CLANG_WARN_NON_LITERAL_NULL_CONVERSION = YES;
				CLANG_WARN_OBJC_IMPLICIT_RETAIN_SELF = YES;
				CLANG_WARN_OBJC_LITERAL_CONVERSION = YES;
				CLANG_WARN_OBJC_ROOT_CLASS = YES_ERROR;
				CLANG_WARN_RANGE_LOOP_ANALYSIS = YES;
				CLANG_WARN_STRICT_PROTOTYPES = YES;
				CLANG_WARN_SUSPICIOUS_MOVE = YES;
				CLANG_WARN_UNGUARDED_AVAILABILITY = YES_AGGRESSIVE;
				CLANG_WARN_UNREACHABLE_CODE = YES;
				CLANG_WARN__DUPLICATE_METHOD_MATCH = YES;
				COPY_PHASE_STRIP = NO;
				DEBUG_INFORMATION_FORMAT = "dwarf-with-dsym";
				ENABLE_NS_ASSERTIONS = NO;
				ENABLE_STRICT_OBJC_MSGSEND = YES;
				GCC_C_LANGUAGE_STANDARD = gnu11;
				GCC_NO_COMMON_BLOCKS = YES;
				GCC_WARN_64_TO_32_BIT_CONVERSION = YES;
				GCC_WARN_ABOUT_RETURN_TYPE = YES_ERROR;
				GCC_WARN_UNDECLARED_SELECTOR = YES;
				GCC_WARN_UNINITIALIZED_AUTOS = YES_AGGRESSIVE;
				GCC_WARN_UNUSED_FUNCTION = YES;
				GCC_WARN_UNUSED_VARIABLE = YES;
				IPHONEOS_DEPLOYMENT_TARGET = 13.0;
				MTL_ENABLE_DEBUG_INFO = NO;
				MTL_FAST_MATH = YES;
				SDKROOT = iphoneos;
				SWIFT_COMPILATION_MODE = wholemodule;
				SWIFT_OPTIMIZATION_LEVEL = "-O";
				VALIDATE_PRODUCT = YES;
			};
			name = Release;
		};
		D7DD4DA224FD35F500F1D398 /* Debug */ = {
			isa = XCBuildConfiguration;
			buildSettings = {
				ASSETCATALOG_COMPILER_APPICON_NAME = AppIcon;
				CODE_SIGN_STYLE = Automatic;
				INFOPLIST_FILE = FreestylerExample/Info.plist;
				LD_RUNPATH_SEARCH_PATHS = (
					"$(inherited)",
					"@executable_path/Frameworks",
				);
				PRODUCT_BUNDLE_IDENTIFIER = digital.wup.FreestylerExample;
				PRODUCT_NAME = "$(TARGET_NAME)";
				SWIFT_VERSION = 5.0;
				TARGETED_DEVICE_FAMILY = "1,2";
			};
			name = Debug;
		};
		D7DD4DA324FD35F500F1D398 /* Release */ = {
			isa = XCBuildConfiguration;
			buildSettings = {
				ASSETCATALOG_COMPILER_APPICON_NAME = AppIcon;
				CODE_SIGN_STYLE = Automatic;
				INFOPLIST_FILE = FreestylerExample/Info.plist;
				LD_RUNPATH_SEARCH_PATHS = (
					"$(inherited)",
					"@executable_path/Frameworks",
				);
				PRODUCT_BUNDLE_IDENTIFIER = digital.wup.FreestylerExample;
				PRODUCT_NAME = "$(TARGET_NAME)";
				SWIFT_VERSION = 5.0;
				TARGETED_DEVICE_FAMILY = "1,2";
			};
			name = Release;
		};
/* End XCBuildConfiguration section */

/* Begin XCConfigurationList section */
		D7DD4D8824FD35F300F1D398 /* Build configuration list for PBXProject "FreestylerExample" */ = {
			isa = XCConfigurationList;
			buildConfigurations = (
				D7DD4D9F24FD35F500F1D398 /* Debug */,
				D7DD4DA024FD35F500F1D398 /* Release */,
			);
			defaultConfigurationIsVisible = 0;
			defaultConfigurationName = Release;
		};
		D7DD4DA124FD35F500F1D398 /* Build configuration list for PBXNativeTarget "FreestylerExample" */ = {
			isa = XCConfigurationList;
			buildConfigurations = (
				D7DD4DA224FD35F500F1D398 /* Debug */,
				D7DD4DA324FD35F500F1D398 /* Release */,
			);
			defaultConfigurationIsVisible = 0;
			defaultConfigurationName = Release;
		};
/* End XCConfigurationList section */
	};
	rootObject = D7DD4D8524FD35F300F1D398 /* Project object */;
}
